
Microsoft Visual Studio Solution File, Format Version 12.00
# Visual Studio 15
VisualStudioVersion = 15.0.26124.0
MinimumVisualStudioVersion = 15.0.26124.0
Project("{FAE04EC0-301F-11D3-BF4B-00C04F79EFBC}") = "API", "API\API.csproj", "{B9DCE792-1F71-4FC4-8242-A864F4FDC113}"
EndProject
Project("{FAE04EC0-301F-11D3-BF4B-00C04F79EFBC}") = "Application", "Application\Application.csproj", "{F2D8546F-09EA-42BD-8D85-8EA845071B19}"
EndProject
Project("{FAE04EC0-301F-11D3-BF4B-00C04F79EFBC}") = "Domain", "Domain\Domain.csproj", "{B75928A3-FA2D-4B6E-8E65-F64EBD8597FA}"
EndProject
Project("{FAE04EC0-301F-11D3-BF4B-00C04F79EFBC}") = "Persistence", "Persistence\Persistence.csproj", "{D843FB9C-A323-43E5-AE8B-874DB2804346}"
EndProject
Global
	GlobalSection(SolutionConfigurationPlatforms) = preSolution
		Debug|Any CPU = Debug|Any CPU
		Debug|x64 = Debug|x64
		Debug|x86 = Debug|x86
		Release|Any CPU = Release|Any CPU
		Release|x64 = Release|x64
		Release|x86 = Release|x86
	EndGlobalSection
	GlobalSection(SolutionProperties) = preSolution
		HideSolutionNode = FALSE
	EndGlobalSection
	GlobalSection(ProjectConfigurationPlatforms) = postSolution
		{B9DCE792-1F71-4FC4-8242-A864F4FDC113}.Debug|Any CPU.ActiveCfg = Debug|Any CPU
		{B9DCE792-1F71-4FC4-8242-A864F4FDC113}.Debug|Any CPU.Build.0 = Debug|Any CPU
		{B9DCE792-1F71-4FC4-8242-A864F4FDC113}.Debug|x64.ActiveCfg = Debug|Any CPU
		{B9DCE792-1F71-4FC4-8242-A864F4FDC113}.Debug|x64.Build.0 = Debug|Any CPU
		{B9DCE792-1F71-4FC4-8242-A864F4FDC113}.Debug|x86.ActiveCfg = Debug|Any CPU
		{B9DCE792-1F71-4FC4-8242-A864F4FDC113}.Debug|x86.Build.0 = Debug|Any CPU
		{B9DCE792-1F71-4FC4-8242-A864F4FDC113}.Release|Any CPU.ActiveCfg = Release|Any CPU
		{B9DCE792-1F71-4FC4-8242-A864F4FDC113}.Release|Any CPU.Build.0 = Release|Any CPU
		{B9DCE792-1F71-4FC4-8242-A864F4FDC113}.Release|x64.ActiveCfg = Release|Any CPU
		{B9DCE792-1F71-4FC4-8242-A864F4FDC113}.Release|x64.Build.0 = Release|Any CPU
		{B9DCE792-1F71-4FC4-8242-A864F4FDC113}.Release|x86.ActiveCfg = Release|Any CPU
		{B9DCE792-1F71-4FC4-8242-A864F4FDC113}.Release|x86.Build.0 = Release|Any CPU
		{F2D8546F-09EA-42BD-8D85-8EA845071B19}.Debug|Any CPU.ActiveCfg = Debug|Any CPU
		{F2D8546F-09EA-42BD-8D85-8EA845071B19}.Debug|Any CPU.Build.0 = Debug|Any CPU
		{F2D8546F-09EA-42BD-8D85-8EA845071B19}.Debug|x64.ActiveCfg = Debug|Any CPU
		{F2D8546F-09EA-42BD-8D85-8EA845071B19}.Debug|x64.Build.0 = Debug|Any CPU
		{F2D8546F-09EA-42BD-8D85-8EA845071B19}.Debug|x86.ActiveCfg = Debug|Any CPU
		{F2D8546F-09EA-42BD-8D85-8EA845071B19}.Debug|x86.Build.0 = Debug|Any CPU
		{F2D8546F-09EA-42BD-8D85-8EA845071B19}.Release|Any CPU.ActiveCfg = Release|Any CPU
		{F2D8546F-09EA-42BD-8D85-8EA845071B19}.Release|Any CPU.Build.0 = Release|Any CPU
		{F2D8546F-09EA-42BD-8D85-8EA845071B19}.Release|x64.ActiveCfg = Release|Any CPU
		{F2D8546F-09EA-42BD-8D85-8EA845071B19}.Release|x64.Build.0 = Release|Any CPU
		{F2D8546F-09EA-42BD-8D85-8EA845071B19}.Release|x86.ActiveCfg = Release|Any CPU
		{F2D8546F-09EA-42BD-8D85-8EA845071B19}.Release|x86.Build.0 = Release|Any CPU
		{B75928A3-FA2D-4B6E-8E65-F64EBD8597FA}.Debug|Any CPU.ActiveCfg = Debug|Any CPU
		{B75928A3-FA2D-4B6E-8E65-F64EBD8597FA}.Debug|Any CPU.Build.0 = Debug|Any CPU
		{B75928A3-FA2D-4B6E-8E65-F64EBD8597FA}.Debug|x64.ActiveCfg = Debug|Any CPU
		{B75928A3-FA2D-4B6E-8E65-F64EBD8597FA}.Debug|x64.Build.0 = Debug|Any CPU
		{B75928A3-FA2D-4B6E-8E65-F64EBD8597FA}.Debug|x86.ActiveCfg = Debug|Any CPU
		{B75928A3-FA2D-4B6E-8E65-F64EBD8597FA}.Debug|x86.Build.0 = Debug|Any CPU
		{B75928A3-FA2D-4B6E-8E65-F64EBD8597FA}.Release|Any CPU.ActiveCfg = Release|Any CPU
		{B75928A3-FA2D-4B6E-8E65-F64EBD8597FA}.Release|Any CPU.Build.0 = Release|Any CPU
		{B75928A3-FA2D-4B6E-8E65-F64EBD8597FA}.Release|x64.ActiveCfg = Release|Any CPU
		{B75928A3-FA2D-4B6E-8E65-F64EBD8597FA}.Release|x64.Build.0 = Release|Any CPU
		{B75928A3-FA2D-4B6E-8E65-F64EBD8597FA}.Release|x86.ActiveCfg = Release|Any CPU
		{B75928A3-FA2D-4B6E-8E65-F64EBD8597FA}.Release|x86.Build.0 = Release|Any CPU
		{D843FB9C-A323-43E5-AE8B-874DB2804346}.Debug|Any CPU.ActiveCfg = Debug|Any CPU
		{D843FB9C-A323-43E5-AE8B-874DB2804346}.Debug|Any CPU.Build.0 = Debug|Any CPU
		{D843FB9C-A323-43E5-AE8B-874DB2804346}.Debug|x64.ActiveCfg = Debug|Any CPU
		{D843FB9C-A323-43E5-AE8B-874DB2804346}.Debug|x64.Build.0 = Debug|Any CPU
		{D843FB9C-A323-43E5-AE8B-874DB2804346}.Debug|x86.ActiveCfg = Debug|Any CPU
		{D843FB9C-A323-43E5-AE8B-874DB2804346}.Debug|x86.Build.0 = Debug|Any CPU
		{D843FB9C-A323-43E5-AE8B-874DB2804346}.Release|Any CPU.ActiveCfg = Release|Any CPU
		{D843FB9C-A323-43E5-AE8B-874DB2804346}.Release|Any CPU.Build.0 = Release|Any CPU
		{D843FB9C-A323-43E5-AE8B-874DB2804346}.Release|x64.ActiveCfg = Release|Any CPU
		{D843FB9C-A323-43E5-AE8B-874DB2804346}.Release|x64.Build.0 = Release|Any CPU
		{D843FB9C-A323-43E5-AE8B-874DB2804346}.Release|x86.ActiveCfg = Release|Any CPU
		{D843FB9C-A323-43E5-AE8B-874DB2804346}.Release|x86.Build.0 = Release|Any CPU
	EndGlobalSection
EndGlobal
